PODS:
  - Alamofire (5.6.4)
  - Kingfisher (7.6.2)
  - Moya (15.0.0):
    - Moya/Core (= 15.0.0)
  - Moya/Core (15.0.0):
    - Alamofire (~> 5.0)
  - PKHUD (5.3.0)
  - SwifterSwift (5.2.0):
    - SwifterSwift/AppKit (= 5.2.0)
    - SwifterSwift/CoreAnimation (= 5.2.0)
    - SwifterSwift/CoreGraphics (= 5.2.0)
    - SwifterSwift/CoreLocation (= 5.2.0)
    - SwifterSwift/Dispatch (= 5.2.0)
    - SwifterSwift/Foundation (= 5.2.0)
    - SwifterSwift/MapKit (= 5.2.0)
    - SwifterSwift/SceneKit (= 5.2.0)
    - SwifterSwift/SpriteKit (= 5.2.0)
    - SwifterSwift/StoreKit (= 5.2.0)
    - SwifterSwift/SwiftStdlib (= 5.2.0)
    - SwifterSwift/UIKit (= 5.2.0)
  - SwifterSwift/AppKit (5.2.0)
  - SwifterSwift/CoreAnimation (5.2.0)
  - SwifterSwift/CoreGraphics (5.2.0)
  - SwifterSwift/CoreLocation (5.2.0)
  - SwifterSwift/Dispatch (5.2.0)
  - SwifterSwift/Foundation (5.2.0)
  - SwifterSwift/MapKit (5.2.0)
  - SwifterSwift/SceneKit (5.2.0)
  - SwifterSwift/SpriteKit (5.2.0)
  - SwifterSwift/StoreKit (5.2.0)
  - SwifterSwift/SwiftStdlib (5.2.0)
  - SwifterSwift/UIKit (5.2.0)

DEPENDENCIES:
  - Kingfisher (~> 7.6.2)
  - Moya (~> 15.0.0)
  - PKHUD (~> 5.3.0)
  - SwifterSwift (~> 5.2.0)

SPEC REPOS:
  trunk:
    - Alamofire
    - Kingfisher
    - Moya
    - PKHUD
    - SwifterSwift

SPEC CHECKSUMS:
  Alamofire: 4e95d97098eacb88856099c4fc79b526a299e48c
  Kingfisher: 6c5449c6450c5239166510ba04afe374a98afc4f
  Moya: 138f0573e53411fb3dc17016add0b748dfbd78ee
  PKHUD: 98f3e4bc904b9c916f1c5bb6d765365b5357291b
  SwifterSwift: 334181863c416882d97b7a60c05054d9e4d799e2

PODFILE CHECKSUM: c9d149dc6a4c0e1af012b6850d673c7a9a697707

COCOAPODS: 1.11.3
